
Microsoft Visual Studio Solution File, Format Version 12.00
# Visual Studio 15
VisualStudioVersion = 15.0.27428.2015
MinimumVisualStudioVersion = 10.0.40219.1
Project("{FAE04EC0-301F-11D3-BF4B-00C04F79EFBC}") = "lab8-2-4", "lab8-2-4\lab8-2-4.csproj", "{3598A7E9-2800-43C9-8048-0FF395F3D34C}"
EndProject
Global
	GlobalSection(SolutionConfigurationPlatforms) = preSolution
		Debug|Any CPU = Debug|Any CPU
		Release|Any CPU = Release|Any CPU
	EndGlobalSection
	GlobalSection(ProjectConfigurationPlatforms) = postSolution
		{3598A7E9-2800-43C9-8048-0FF395F3D34C}.Debug|Any CPU.ActiveCfg = Debug|Any CPU
		{3598A7E9-2800-43C9-8048-0FF395F3D34C}.Debug|Any CPU.Build.0 = Debug|Any CPU
		{3598A7E9-2800-43C9-8048-0FF395F3D34C}.Release|Any CPU.ActiveCfg = Release|Any CPU
		{3598A7E9-2800-43C9-8048-0FF395F3D34C}.Release|Any CPU.Build.0 = Release|Any CPU
	EndGlobalSection
	GlobalSection(SolutionProperties) = preSolution
		HideSolutionNode = FALSE
	EndGlobalSection
	GlobalSection(ExtensibilityGlobals) = postSolution
		SolutionGuid = {F4C1BDFA-72E3-4048-A9F7-F88454A08E5F}
	EndGlobalSection
EndGlobal
