
Microsoft Visual Studio Solution File, Format Version 12.00
# Visual Studio 15
VisualStudioVersion = 15.0.27428.2015
MinimumVisualStudioVersion = 10.0.40219.1
Project("{FAE04EC0-301F-11D3-BF4B-00C04F79EFBC}") = "lab5", "lab5\lab5.csproj", "{683906E7-B924-4B6D-ADBA-2050234D6507}"
EndProject
Global
	GlobalSection(SolutionConfigurationPlatforms) = preSolution
		Debug|Any CPU = Debug|Any CPU
		Release|Any CPU = Release|Any CPU
	EndGlobalSection
	GlobalSection(ProjectConfigurationPlatforms) = postSolution
		{683906E7-B924-4B6D-ADBA-2050234D6507}.Debug|Any CPU.ActiveCfg = Debug|Any CPU
		{683906E7-B924-4B6D-ADBA-2050234D6507}.Debug|Any CPU.Build.0 = Debug|Any CPU
		{683906E7-B924-4B6D-ADBA-2050234D6507}.Release|Any CPU.ActiveCfg = Release|Any CPU
		{683906E7-B924-4B6D-ADBA-2050234D6507}.Release|Any CPU.Build.0 = Release|Any CPU
	EndGlobalSection
	GlobalSection(SolutionProperties) = preSolution
		HideSolutionNode = FALSE
	EndGlobalSection
	GlobalSection(ExtensibilityGlobals) = postSolution
		SolutionGuid = {3B9F672E-F18E-4358-B5BA-4667D2EE23ED}
	EndGlobalSection
EndGlobal
