
Microsoft Visual Studio Solution File, Format Version 12.00
# Visual Studio 15
VisualStudioVersion = 15.0.27428.2015
MinimumVisualStudioVersion = 10.0.40219.1
Project("{FAE04EC0-301F-11D3-BF4B-00C04F79EFBC}") = "lab8-3-1", "lab8-3-1\lab8-3-1.csproj", "{EDACB997-7499-465D-86D5-400A02674EED}"
EndProject
Global
	GlobalSection(SolutionConfigurationPlatforms) = preSolution
		Debug|Any CPU = Debug|Any CPU
		Release|Any CPU = Release|Any CPU
	EndGlobalSection
	GlobalSection(ProjectConfigurationPlatforms) = postSolution
		{EDACB997-7499-465D-86D5-400A02674EED}.Debug|Any CPU.ActiveCfg = Debug|Any CPU
		{EDACB997-7499-465D-86D5-400A02674EED}.Debug|Any CPU.Build.0 = Debug|Any CPU
		{EDACB997-7499-465D-86D5-400A02674EED}.Release|Any CPU.ActiveCfg = Release|Any CPU
		{EDACB997-7499-465D-86D5-400A02674EED}.Release|Any CPU.Build.0 = Release|Any CPU
	EndGlobalSection
	GlobalSection(SolutionProperties) = preSolution
		HideSolutionNode = FALSE
	EndGlobalSection
	GlobalSection(ExtensibilityGlobals) = postSolution
		SolutionGuid = {10DEB857-14D1-44CB-B4CF-50024347C62B}
	EndGlobalSection
EndGlobal
