
Microsoft Visual Studio Solution File, Format Version 12.00
# Visual Studio 15
VisualStudioVersion = 15.0.27428.2015
MinimumVisualStudioVersion = 10.0.40219.1
Project("{FAE04EC0-301F-11D3-BF4B-00C04F79EFBC}") = "lab7-2", "lab7-2\lab7-2.csproj", "{1763B3BF-4B58-4C47-8718-6C3830C45234}"
EndProject
Global
	GlobalSection(SolutionConfigurationPlatforms) = preSolution
		Debug|Any CPU = Debug|Any CPU
		Release|Any CPU = Release|Any CPU
	EndGlobalSection
	GlobalSection(ProjectConfigurationPlatforms) = postSolution
		{1763B3BF-4B58-4C47-8718-6C3830C45234}.Debug|Any CPU.ActiveCfg = Debug|Any CPU
		{1763B3BF-4B58-4C47-8718-6C3830C45234}.Debug|Any CPU.Build.0 = Debug|Any CPU
		{1763B3BF-4B58-4C47-8718-6C3830C45234}.Release|Any CPU.ActiveCfg = Release|Any CPU
		{1763B3BF-4B58-4C47-8718-6C3830C45234}.Release|Any CPU.Build.0 = Release|Any CPU
	EndGlobalSection
	GlobalSection(SolutionProperties) = preSolution
		HideSolutionNode = FALSE
	EndGlobalSection
	GlobalSection(ExtensibilityGlobals) = postSolution
		SolutionGuid = {A771664B-2B57-4B04-B6EA-58801CE32FC1}
	EndGlobalSection
EndGlobal
